# This file is autogenerated, do not edit; changes may be undone by the next 'dep ensure'.


[[projects]]
  branch = "master"
  name = "github.com/spacemonkeygo/openssl"
  packages = [".","utils"]
  revision = "2df7e68102b2b19c89ea8cfc2cb8126c83eb26f7"

[[projects]]
  branch = "master"
  name = "github.com/spacemonkeygo/spacelog"
  packages = ["."]
  revision = "081216856ee01315ad130cb9ccd5d2a40624c619"

[[projects]]
  branch = "master"
  name = "golang.org/x/crypto"
  packages = ["pbkdf2"]
  revision = "d6449816ce06963d9d136eee5a56fca5b0616e7e"

[[projects]]
  branch = "master"
  name = "golang.org/x/sys"
  packages = ["unix"]
  revision = "2281fa97ef7b0c26324634d5a22f04babdac8713"

[solve-meta]
  analyzer-name = "dep"
  analyzer-version = 1
  inputs-digest = "58d9a184ec75033dcaab1be11c3854a0ef5e0458dd30b11b6d6e474a7b21e98b"
  solver-name = "gps-cdcl"
  solver-version = 1
