# This file is autogenerated, do not edit; changes may be undone by the next 'dep ensure'.


[[projects]]
  branch = "master"
  name = "github.com/spacemonkeygo/openssl"
  packages = [".","utils"]
  revision = "4ea35d79e3ae2758eac37f0348cdc58aa167e78a"

[[projects]]
  branch = "master"
  name = "github.com/spacemonkeygo/spacelog"
  packages = ["."]
  revision = "081216856ee01315ad130cb9ccd5d2a40624c619"

[[projects]]
  branch = "master"
  name = "golang.org/x/crypto"
  packages = ["pbkdf2"]
  revision = "d585fd2cc9195196078f516b69daff6744ef5e84"

[[projects]]
  branch = "master"
  name = "golang.org/x/sys"
  packages = ["unix"]
  revision = "571f7bbbe08da2a8955aed9d4db316e78630e9a3"

[solve-meta]
  analyzer-name = "dep"
  analyzer-version = 1
  inputs-digest = "58d9a184ec75033dcaab1be11c3854a0ef5e0458dd30b11b6d6e474a7b21e98b"
  solver-name = "gps-cdcl"
  solver-version = 1
